// !$*UTF8*$!
{
	archiveVersion = 1;
	classes = {
	};
	objectVersion = 56;
	objects = {

/* Begin PBXBuildFile section */
		93565E772AF2C35E00FBD53B /* CoherencyMateApp.swift in Sources */ = {isa = PBXBuildFile; fileRef = 93565E762AF2C35E00FBD53B /* CoherencyMateApp.swift */; };
		93565E792AF2C35E00FBD53B /* Persistence.swift in Sources */ = {isa = PBXBuildFile; fileRef = 93565E782AF2C35E00FBD53B /* Persistence.swift */; };
		93565E7C2AF2C35E00FBD53B /* CoherencyMate.xcdatamodeld in Sources */ = {isa = PBXBuildFile; fileRef = 93565E7A2AF2C35E00FBD53B /* CoherencyMate.xcdatamodeld */; };
		93565E7E2AF2C35E00FBD53B /* ContentView.swift in Sources */ = {isa = PBXBuildFile; fileRef = 93565E7D2AF2C35E00FBD53B /* ContentView.swift */; };
		93565E802AF2C36500FBD53B /* Assets.xcassets in Resources */ = {isa = PBXBuildFile; fileRef = 93565E7F2AF2C36500FBD53B /* Assets.xcassets */; };
		93565E842AF2C36500FBD53B /* Preview Assets.xcassets in Resources */ = {isa = PBXBuildFile; fileRef = 93565E832AF2C36500FBD53B /* Preview Assets.xcassets */; };
		93565E8F2AF2C36500FBD53B /* CoherencyMateTests.swift in Sources */ = {isa = PBXBuildFile; fileRef = 93565E8E2AF2C36500FBD53B /* CoherencyMateTests.swift */; };
		93565E992AF2C36500FBD53B /* CoherencyMateUITests.swift in Sources */ = {isa = PBXBuildFile; fileRef = 93565E982AF2C36500FBD53B /* CoherencyMateUITests.swift */; };
		93565E9B2AF2C36500FBD53B /* CoherencyMateUITestsLaunchTests.swift in Sources */ = {isa = PBXBuildFile; fileRef = 93565E9A2AF2C36500FBD53B /* CoherencyMateUITestsLaunchTests.swift */; };
/* End PBXBuildFile section */

/* Begin PBXContainerItemProxy section */
		93565E8B2AF2C36500FBD53B /* PBXContainerItemProxy */ = {
			isa = PBXContainerItemProxy;
			containerPortal = 93565E6B2AF2C35D00FBD53B /* Project object */;
			proxyType = 1;
			remoteGlobalIDString = 93565E722AF2C35E00FBD53B;
			remoteInfo = CoherencyMate;
		};
		93565E952AF2C36500FBD53B /* PBXContainerItemProxy */ = {
			isa = PBXContainerItemProxy;
			containerPortal = 93565E6B2AF2C35D00FBD53B /* Project object */;
			proxyType = 1;
			remoteGlobalIDString = 93565E722AF2C35E00FBD53B;
			remoteInfo = CoherencyMate;
		};
/* End PBXContainerItemProxy section */

/* Begin PBXFileReference section */
		93565E732AF2C35E00FBD53B /* CoherencyMate.app */ = {isa = PBXFileReference; explicitFileType = wrapper.application; includeInIndex = 0; path = CoherencyMate.app; sourceTree = BUILT_PRODUCTS_DIR; };
		93565E762AF2C35E00FBD53B /* CoherencyMateApp.swift */ = {isa = PBXFileReference; lastKnownFileType = sourcecode.swift; path = CoherencyMateApp.swift; sourceTree = "<group>"; };
		93565E782AF2C35E00FBD53B /* Persistence.swift */ = {isa = PBXFileReference; lastKnownFileType = sourcecode.swift; path = Persistence.swift; sourceTree = "<group>"; };
		93565E7B2AF2C35E00FBD53B /* CoherencyMate.xcdatamodel */ = {isa = PBXFileReference; lastKnownFileType = wrapper.xcdatamodel; path = CoherencyMate.xcdatamodel; sourceTree = "<group>"; };
		93565E7D2AF2C35E00FBD53B /* ContentView.swift */ = {isa = PBXFileReference; lastKnownFileType = sourcecode.swift; path = ContentView.swift; sourceTree = "<group>"; };
		93565E7F2AF2C36500FBD53B /* Assets.xcassets */ = {isa = PBXFileReference; lastKnownFileType = folder.assetcatalog; path = Assets.xcassets; sourceTree = "<group>"; };
		93565E812AF2C36500FBD53B /* CoherencyMate.entitlements */ = {isa = PBXFileReference; lastKnownFileType = text.plist.entitlements; path = CoherencyMate.entitlements; sourceTree = "<group>"; };
		93565E832AF2C36500FBD53B /* Preview Assets.xcassets */ = {isa = PBXFileReference; lastKnownFileType = folder.assetcatalog; path = "Preview Assets.xcassets"; sourceTree = "<group>"; };
		93565E852AF2C36500FBD53B /* Info.plist */ = {isa = PBXFileReference; lastKnownFileType = text.plist.xml; path = Info.plist; sourceTree = "<group>"; };
		93565E8A2AF2C36500FBD53B /* CoherencyMateTests.xctest */ = {isa = PBXFileReference; explicitFileType = wrapper.cfbundle; includeInIndex = 0; path = CoherencyMateTests.xctest; sourceTree = BUILT_PRODUCTS_DIR; };
		93565E8E2AF2C36500FBD53B /* CoherencyMateTests.swift */ = {isa = PBXFileReference; lastKnownFileType = sourcecode.swift; path = CoherencyMateTests.swift; sourceTree = "<group>"; };
		93565E942AF2C36500FBD53B /* CoherencyMateUITests.xctest */ = {isa = PBXFileReference; explicitFileType = wrapper.cfbundle; includeInIndex = 0; path = CoherencyMateUITests.xctest; sourceTree = BUILT_PRODUCTS_DIR; };
		93565E982AF2C36500FBD53B /* CoherencyMateUITests.swift */ = {isa = PBXFileReference; lastKnownFileType = sourcecode.swift; path = CoherencyMateUITests.swift; sourceTree = "<group>"; };
		93565E9A2AF2C36500FBD53B /* CoherencyMateUITestsLaunchTests.swift */ = {isa = PBXFileReference; lastKnownFileType = sourcecode.swift; path = CoherencyMateUITestsLaunchTests.swift; sourceTree = "<group>"; };
/* End PBXFileReference section */

/* Begin PBXFrameworksBuildPhase section */
		93565E702AF2C35E00FBD53B /* Frameworks */ = {
			isa = PBXFrameworksBuildPhase;
			buildActionMask = 2147483647;
			files = (
			);
			runOnlyForDeploymentPostprocessing = 0;
		};
		93565E872AF2C36500FBD53B /* Frameworks */ = {
			isa = PBXFrameworksBuildPhase;
			buildActionMask = 2147483647;
			files = (
			);
			runOnlyForDeploymentPostprocessing = 0;
		};
		93565E912AF2C36500FBD53B /* Frameworks */ = {
			isa = PBXFrameworksBuildPhase;
			buildActionMask = 2147483647;
			files = (
			);
			runOnlyForDeploymentPostprocessing = 0;
		};
/* End PBXFrameworksBuildPhase section */

/* Begin PBXGroup section */
		93565E6A2AF2C35D00FBD53B = {
			isa = PBXGroup;
			children = (
				93565E752AF2C35E00FBD53B /* CoherencyMate */,
				93565E8D2AF2C36500FBD53B /* CoherencyMateTests */,
				93565E972AF2C36500FBD53B /* CoherencyMateUITests */,
				93565E742AF2C35E00FBD53B /* Products */,
			);
			sourceTree = "<group>";
		};
		93565E742AF2C35E00FBD53B /* Products */ = {
			isa = PBXGroup;
			children = (
				93565E732AF2C35E00FBD53B /* CoherencyMate.app */,
				93565E8A2AF2C36500FBD53B /* CoherencyMateTests.xctest */,
				93565E942AF2C36500FBD53B /* CoherencyMateUITests.xctest */,
			);
			name = Products;
			sourceTree = "<group>";
		};
		93565E752AF2C35E00FBD53B /* CoherencyMate */ = {
			isa = PBXGroup;
			children = (
				93565E762AF2C35E00FBD53B /* CoherencyMateApp.swift */,
				93565E782AF2C35E00FBD53B /* Persistence.swift */,
				93565E7D2AF2C35E00FBD53B /* ContentView.swift */,
				93565E7F2AF2C36500FBD53B /* Assets.xcassets */,
				93565E812AF2C36500FBD53B /* CoherencyMate.entitlements */,
				93565E852AF2C36500FBD53B /* Info.plist */,
				93565E7A2AF2C35E00FBD53B /* CoherencyMate.xcdatamodeld */,
				93565E822AF2C36500FBD53B /* Preview Content */,
			);
			path = CoherencyMate;
			sourceTree = "<group>";
		};
		93565E822AF2C36500FBD53B /* Preview Content */ = {
			isa = PBXGroup;
			children = (
				93565E832AF2C36500FBD53B /* Preview Assets.xcassets */,
			);
			path = "Preview Content";
			sourceTree = "<group>";
		};
		93565E8D2AF2C36500FBD53B /* CoherencyMateTests */ = {
			isa = PBXGroup;
			children = (
				93565E8E2AF2C36500FBD53B /* CoherencyMateTests.swift */,
			);
			path = CoherencyMateTests;
			sourceTree = "<group>";
		};
		93565E972AF2C36500FBD53B /* CoherencyMateUITests */ = {
			isa = PBXGroup;
			children = (
				93565E982AF2C36500FBD53B /* CoherencyMateUITests.swift */,
				93565E9A2AF2C36500FBD53B /* CoherencyMateUITestsLaunchTests.swift */,
			);
			path = CoherencyMateUITests;
			sourceTree = "<group>";
		};
/* End PBXGroup section */

/* Begin PBXNativeTarget section */
		93565E722AF2C35E00FBD53B /* CoherencyMate */ = {
			isa = PBXNativeTarget;
			buildConfigurationList = 93565E9E2AF2C36500FBD53B /* Build configuration list for PBXNativeTarget "CoherencyMate" */;
			buildPhases = (
				93565E6F2AF2C35E00FBD53B /* Sources */,
				93565E702AF2C35E00FBD53B /* Frameworks */,
				93565E712AF2C35E00FBD53B /* Resources */,
			);
			buildRules = (
			);
			dependencies = (
			);
			name = CoherencyMate;
			productName = CoherencyMate;
			productReference = 93565E732AF2C35E00FBD53B /* CoherencyMate.app */;
			productType = "com.apple.product-type.application";
		};
		93565E892AF2C36500FBD53B /* CoherencyMateTests */ = {
			isa = PBXNativeTarget;
			buildConfigurationList = 93565EA12AF2C36500FBD53B /* Build configuration list for PBXNativeTarget "CoherencyMateTests" */;
			buildPhases = (
				93565E862AF2C36500FBD53B /* Sources */,
				93565E872AF2C36500FBD53B /* Frameworks */,
				93565E882AF2C36500FBD53B /* Resources */,
			);
			buildRules = (
			);
			dependencies = (
				93565E8C2AF2C36500FBD53B /* PBXTargetDependency */,
			);
			name = CoherencyMateTests;
			productName = CoherencyMateTests;
			productReference = 93565E8A2AF2C36500FBD53B /* CoherencyMateTests.xctest */;
			productType = "com.apple.product-type.bundle.unit-test";
		};
		93565E932AF2C36500FBD53B /* CoherencyMateUITests */ = {
			isa = PBXNativeTarget;
			buildConfigurationList = 93565EA42AF2C36500FBD53B /* Build configuration list for PBXNativeTarget "CoherencyMateUITests" */;
			buildPhases = (
				93565E902AF2C36500FBD53B /* Sources */,
				93565E912AF2C36500FBD53B /* Frameworks */,
				93565E922AF2C36500FBD53B /* Resources */,
			);
			buildRules = (
			);
			dependencies = (
				93565E962AF2C36500FBD53B /* PBXTargetDependency */,
			);
			name = CoherencyMateUITests;
			productName = CoherencyMateUITests;
			productReference = 93565E942AF2C36500FBD53B /* CoherencyMateUITests.xctest */;
			productType = "com.apple.product-type.bundle.ui-testing";
		};
/* End PBXNativeTarget section */

/* Begin PBXProject section */
		93565E6B2AF2C35D00FBD53B /* Project object */ = {
			isa = PBXProject;
			attributes = {
				BuildIndependentTargetsInParallel = 1;
				LastSwiftUpdateCheck = 1500;
				LastUpgradeCheck = 1500;
				TargetAttributes = {
					93565E722AF2C35E00FBD53B = {
						CreatedOnToolsVersion = 15.0.1;
					};
					93565E892AF2C36500FBD53B = {
						CreatedOnToolsVersion = 15.0.1;
						TestTargetID = 93565E722AF2C35E00FBD53B;
					};
					93565E932AF2C36500FBD53B = {
						CreatedOnToolsVersion = 15.0.1;
						TestTargetID = 93565E722AF2C35E00FBD53B;
					};
				};
			};
			buildConfigurationList = 93565E6E2AF2C35D00FBD53B /* Build configuration list for PBXProject "CoherencyMate" */;
			compatibilityVersion = "Xcode 14.0";
			developmentRegion = en;
			hasScannedForEncodings = 0;
			knownRegions = (
				en,
				Base,
			);
			mainGroup = 93565E6A2AF2C35D00FBD53B;
			productRefGroup = 93565E742AF2C35E00FBD53B /* Products */;
			projectDirPath = "";
			projectRoot = "";
			targets = (
				93565E722AF2C35E00FBD53B /* CoherencyMate */,
				93565E892AF2C36500FBD53B /* CoherencyMateTests */,
				93565E932AF2C36500FBD53B /* CoherencyMateUITests */,
			);
		};
/* End PBXProject section */

/* Begin PBXResourcesBuildPhase section */
		93565E712AF2C35E00FBD53B /* Resources */ = {
			isa = PBXResourcesBuildPhase;
			buildActionMask = 2147483647;
			files = (
				93565E842AF2C36500FBD53B /* Preview Assets.xcassets in Resources */,
				93565E802AF2C36500FBD53B /* Assets.xcassets in Resources */,
			);
			runOnlyForDeploymentPostprocessing = 0;
		};
		93565E882AF2C36500FBD53B /* Resources */ = {
			isa = PBXResourcesBuildPhase;
			buildActionMask = 2147483647;
			files = (
			);
			runOnlyForDeploymentPostprocessing = 0;
		};
		93565E922AF2C36500FBD53B /* Resources */ = {
			isa = PBXResourcesBuildPhase;
			buildActionMask = 2147483647;
			files = (
			);
			runOnlyForDeploymentPostprocessing = 0;
		};
/* End PBXResourcesBuildPhase section */

/* Begin PBXSourcesBuildPhase section */
		93565E6F2AF2C35E00FBD53B /* Sources */ = {
			isa = PBXSourcesBuildPhase;
			buildActionMask = 2147483647;
			files = (
				93565E772AF2C35E00FBD53B /* CoherencyMateApp.swift in Sources */,
				93565E7C2AF2C35E00FBD53B /* CoherencyMate.xcdatamodeld in Sources */,
				93565E7E2AF2C35E00FBD53B /* ContentView.swift in Sources */,
				93565E792AF2C35E00FBD53B /* Persistence.swift in Sources */,
			);
			runOnlyForDeploymentPostprocessing = 0;
		};
		93565E862AF2C36500FBD53B /* Sources */ = {
			isa = PBXSourcesBuildPhase;
			buildActionMask = 2147483647;
			files = (
				93565E8F2AF2C36500FBD53B /* CoherencyMateTests.swift in Sources */,
			);
			runOnlyForDeploymentPostprocessing = 0;
		};
		93565E902AF2C36500FBD53B /* Sources */ = {
			isa = PBXSourcesBuildPhase;
			buildActionMask = 2147483647;
			files = (
				93565E9B2AF2C36500FBD53B /* CoherencyMateUITestsLaunchTests.swift in Sources */,
				93565E992AF2C36500FBD53B /* CoherencyMateUITests.swift in Sources */,
			);
			runOnlyForDeploymentPostprocessing = 0;
		};
/* End PBXSourcesBuildPhase section */

/* Begin PBXTargetDependency section */
		93565E8C2AF2C36500FBD53B /* PBXTargetDependency */ = {
			isa = PBXTargetDependency;
			target = 93565E722AF2C35E00FBD53B /* CoherencyMate */;
			targetProxy = 93565E8B2AF2C36500FBD53B /* PBXContainerItemProxy */;
		};
		93565E962AF2C36500FBD53B /* PBXTargetDependency */ = {
			isa = PBXTargetDependency;
			target = 93565E722AF2C35E00FBD53B /* CoherencyMate */;
			targetProxy = 93565E952AF2C36500FBD53B /* PBXContainerItemProxy */;
		};
/* End PBXTargetDependency section */

/* Begin XCBuildConfiguration section */
		93565E9C2AF2C36500FBD53B /* Debug */ = {
			isa = XCBuildConfiguration;
			buildSettings = {
				ALWAYS_SEARCH_USER_PATHS = NO;
				ASSETCATALOG_COMPILER_GENERATE_SWIFT_ASSET_SYMBOL_EXTENSIONS = YES;
				CLANG_ANALYZER_NONNULL = YES;
				CLANG_ANALYZER_NUMBER_OBJECT_CONVERSION = YES_AGGRESSIVE;
				CLANG_CXX_LANGUAGE_STANDARD = "gnu++20";
				CLANG_ENABLE_MODULES = YES;
				CLANG_ENABLE_OBJC_ARC = YES;
				CLANG_ENABLE_OBJC_WEAK = YES;
				CLANG_WARN_BLOCK_CAPTURE_AUTORELEASING = YES;
				CLANG_WARN_BOOL_CONVERSION = YES;
				CLANG_WARN_COMMA = YES;
				CLANG_WARN_CONSTANT_CONVERSION = YES;
				CLANG_WARN_DEPRECATED_OBJC_IMPLEMENTATIONS = YES;
				CLANG_WARN_DIRECT_OBJC_ISA_USAGE = YES_ERROR;
				CLANG_WARN_DOCUMENTATION_COMMENTS = YES;
				CLANG_WARN_EMPTY_BODY = YES;
				CLANG_WARN_ENUM_CONVERSION = YES;
				CLANG_WARN_INFINITE_RECURSION = YES;
				CLANG_WARN_INT_CONVERSION = YES;
				CLANG_WARN_NON_LITERAL_NULL_CONVERSION = YES;
				CLANG_WARN_OBJC_IMPLICIT_RETAIN_SELF = YES;
				CLANG_WARN_OBJC_LITERAL_CONVERSION = YES;
				CLANG_WARN_OBJC_ROOT_CLASS = YES_ERROR;
				CLANG_WARN_QUOTED_INCLUDE_IN_FRAMEWORK_HEADER = YES;
				CLANG_WARN_RANGE_LOOP_ANALYSIS = YES;
				CLANG_WARN_STRICT_PROTOTYPES = YES;
				CLANG_WARN_SUSPICIOUS_MOVE = YES;
				CLANG_WARN_UNGUARDED_AVAILABILITY = YES_AGGRESSIVE;
				CLANG_WARN_UNREACHABLE_CODE = YES;
				CLANG_WARN__DUPLICATE_METHOD_MATCH = YES;
				COPY_PHASE_STRIP = NO;
				DEBUG_INFORMATION_FORMAT = dwarf;
				ENABLE_STRICT_OBJC_MSGSEND = YES;
				ENABLE_TESTABILITY = YES;
				ENABLE_USER_SCRIPT_SANDBOXING = YES;
				GCC_C_LANGUAGE_STANDARD = gnu17;
				GCC_DYNAMIC_NO_PIC = NO;
				GCC_NO_COMMON_BLOCKS = YES;
				GCC_OPTIMIZATION_LEVEL = 0;
				GCC_PREPROCESSOR_DEFINITIONS = (
					"DEBUG=1",
					"$(inherited)",
				);
				GCC_WARN_64_TO_32_BIT_CONVERSION = YES;
				GCC_WARN_ABOUT_RETURN_TYPE = YES_ERROR;
				GCC_WARN_UNDECLARED_SELECTOR = YES;
				GCC_WARN_UNINITIALIZED_AUTOS = YES_AGGRESSIVE;
				GCC_WARN_UNUSED_FUNCTION = YES;
				GCC_WARN_UNUSED_VARIABLE = YES;
				LOCALIZATION_PREFERS_STRING_CATALOGS = YES;
				MTL_ENABLE_DEBUG_INFO = INCLUDE_SOURCE;
				MTL_FAST_MATH = YES;
				ONLY_ACTIVE_ARCH = YES;
				SWIFT_ACTIVE_COMPILATION_CONDITIONS = "DEBUG $(inherited)";
				SWIFT_OPTIMIZATION_LEVEL = "-Onone";
			};
			name = Debug;
		};
		93565E9D2AF2C36500FBD53B /* Release */ = {
			isa = XCBuildConfiguration;
			buildSettings = {
				ALWAYS_SEARCH_USER_PATHS = NO;
				ASSETCATALOG_COMPILER_GENERATE_SWIFT_ASSET_SYMBOL_EXTENSIONS = YES;
				CLANG_ANALYZER_NONNULL = YES;
				CLANG_ANALYZER_NUMBER_OBJECT_CONVERSION = YES_AGGRESSIVE;
				CLANG_CXX_LANGUAGE_STANDARD = "gnu++20";
				CLANG_ENABLE_MODULES = YES;
				CLANG_ENABLE_OBJC_ARC = YES;
				CLANG_ENABLE_OBJC_WEAK = YES;
				CLANG_WARN_BLOCK_CAPTURE_AUTORELEASING = YES;
				CLANG_WARN_BOOL_CONVERSION = YES;
				CLANG_WARN_COMMA = YES;
				CLANG_WARN_CONSTANT_CONVERSION = YES;
				CLANG_WARN_DEPRECATED_OBJC_IMPLEMENTATIONS = YES;
				CLANG_WARN_DIRECT_OBJC_ISA_USAGE = YES_ERROR;
				CLANG_WARN_DOCUMENTATION_COMMENTS = YES;
				CLANG_WARN_EMPTY_BODY = YES;
				CLANG_WARN_ENUM_CONVERSION = YES;
				CLANG_WARN_INFINITE_RECURSION = YES;
				CLANG_WARN_INT_CONVERSION = YES;
				CLANG_WARN_NON_LITERAL_NULL_CONVERSION = YES;
				CLANG_WARN_OBJC_IMPLICIT_RETAIN_SELF = YES;
				CLANG_WARN_OBJC_LITERAL_CONVERSION = YES;
				CLANG_WARN_OBJC_ROOT_CLASS = YES_ERROR;
				CLANG_WARN_QUOTED_INCLUDE_IN_FRAMEWORK_HEADER = YES;
				CLANG_WARN_RANGE_LOOP_ANALYSIS = YES;
				CLANG_WARN_STRICT_PROTOTYPES = YES;
				CLANG_WARN_SUSPICIOUS_MOVE = YES;
				CLANG_WARN_UNGUARDED_AVAILABILITY = YES_AGGRESSIVE;
				CLANG_WARN_UNREACHABLE_CODE = YES;
				CLANG_WARN__DUPLICATE_METHOD_MATCH = YES;
				COPY_PHASE_STRIP = NO;
				DEBUG_INFORMATION_FORMAT = "dwarf-with-dsym";
				ENABLE_NS_ASSERTIONS = NO;
				ENABLE_STRICT_OBJC_MSGSEND = YES;
				ENABLE_USER_SCRIPT_SANDBOXING = YES;
				GCC_C_LANGUAGE_STANDARD = gnu17;
				GCC_NO_COMMON_BLOCKS = YES;
				GCC_WARN_64_TO_32_BIT_CONVERSION = YES;
				GCC_WARN_ABOUT_RETURN_TYPE = YES_ERROR;
				GCC_WARN_UNDECLARED_SELECTOR = YES;
				GCC_WARN_UNINITIALIZED_AUTOS = YES_AGGRESSIVE;
				GCC_WARN_UNUSED_FUNCTION = YES;
				GCC_WARN_UNUSED_VARIABLE = YES;
				LOCALIZATION_PREFERS_STRING_CATALOGS = YES;
				MTL_ENABLE_DEBUG_INFO = NO;
				MTL_FAST_MATH = YES;
				SWIFT_COMPILATION_MODE = wholemodule;
			};
			name = Release;
		};
		93565E9F2AF2C36500FBD53B /* Debug */ = {
			isa = XCBuildConfiguration;
			buildSettings = {
				ASSETCATALOG_COMPILER_APPICON_NAME = AppIcon;
				ASSETCATALOG_COMPILER_GLOBAL_ACCENT_COLOR_NAME = AccentColor;
				CODE_SIGN_ENTITLEMENTS = CoherencyMate/CoherencyMate.entitlements;
				CODE_SIGN_STYLE = Automatic;
				CURRENT_PROJECT_VERSION = 1;
				DEVELOPMENT_ASSET_PATHS = "\"CoherencyMate/Preview Content\"";
				DEVELOPMENT_TEAM = 45674AT2X8;
				ENABLE_HARDENED_RUNTIME = YES;
				ENABLE_PREVIEWS = YES;
				GENERATE_INFOPLIST_FILE = YES;
				INFOPLIST_FILE = CoherencyMate/Info.plist;
				"INFOPLIST_KEY_UIApplicationSceneManifest_Generation[sdk=iphoneos*]" = YES;
				"INFOPLIST_KEY_UIApplicationSceneManifest_Generation[sdk=iphonesimulator*]" = YES;
				"INFOPLIST_KEY_UIApplicationSupportsIndirectInputEvents[sdk=iphoneos*]" = YES;
				"INFOPLIST_KEY_UIApplicationSupportsIndirectInputEvents[sdk=iphonesimulator*]" = YES;
				"INFOPLIST_KEY_UILaunchScreen_Generation[sdk=iphoneos*]" = YES;
				"INFOPLIST_KEY_UILaunchScreen_Generation[sdk=iphonesimulator*]" = YES;
				"INFOPLIST_KEY_UIStatusBarStyle[sdk=iphoneos*]" = UIStatusBarStyleDefault;
				"INFOPLIST_KEY_UIStatusBarStyle[sdk=iphonesimulator*]" = UIStatusBarStyleDefault;
				INFOPLIST_KEY_UISupportedInterfaceOrientations_iPad = "UIInterfaceOrientationPortrait UIInterfaceOrientationPortraitUpsideDown UIInterfaceOrientationLandscapeLeft UIInterfaceOrientationLandscapeRight";
				INFOPLIST_KEY_UISupportedInterfaceOrientations_iPhone = "UIInterfaceOrientationPortrait UIInterfaceOrientationLandscapeLeft UIInterfaceOrientationLandscapeRight";
				IPHONEOS_DEPLOYMENT_TARGET = 17.0;
				LD_RUNPATH_SEARCH_PATHS = "@executable_path/Frameworks";
				"LD_RUNPATH_SEARCH_PATHS[sdk=macosx*]" = "@executable_path/../Frameworks";
				MACOSX_DEPLOYMENT_TARGET = 13.5;
				MARKETING_VERSION = 1.0;
				PRODUCT_BUNDLE_IDENTIFIER = ai.sciox.CoherencyMate;
				PRODUCT_NAME = "$(TARGET_NAME)";
				SDKROOT = auto;
				SUPPORTED_PLATFORMS = "iphoneos iphonesimulator macosx";
				SWIFT_EMIT_LOC_STRINGS = YES;
				SWIFT_VERSION = 5.0;
				TARGETED_DEVICE_FAMILY = "1,2";
			};
			name = Debug;
		};
		93565EA02AF2C36500FBD53B /* Release */ = {
			isa = XCBuildConfiguration;
			buildSettings = {
				ASSETCATALOG_COMPILER_APPICON_NAME = AppIcon;
				ASSETCATALOG_COMPILER_GLOBAL_ACCENT_COLOR_NAME = AccentColor;
				CODE_SIGN_ENTITLEMENTS = CoherencyMate/CoherencyMate.entitlements;
				CODE_SIGN_STYLE = Automatic;
				CURRENT_PROJECT_VERSION = 1;
				DEVELOPMENT_ASSET_PATHS = "\"CoherencyMate/Preview Content\"";
				DEVELOPMENT_TEAM = 45674AT2X8;
				ENABLE_HARDENED_RUNTIME = YES;
				ENABLE_PREVIEWS = YES;
				GENERATE_INFOPLIST_FILE = YES;
				INFOPLIST_FILE = CoherencyMate/Info.plist;
				"INFOPLIST_KEY_UIApplicationSceneManifest_Generation[sdk=iphoneos*]" = YES;
				"INFOPLIST_KEY_UIApplicationSceneManifest_Generation[sdk=iphonesimulator*]" = YES;
				"INFOPLIST_KEY_UIApplicationSupportsIndirectInputEvents[sdk=iphoneos*]" = YES;
				"INFOPLIST_KEY_UIApplicationSupportsIndirectInputEvents[sdk=iphonesimulator*]" = YES;
				"INFOPLIST_KEY_UILaunchScreen_Generation[sdk=iphoneos*]" = YES;
				"INFOPLIST_KEY_UILaunchScreen_Generation[sdk=iphonesimulator*]" = YES;
				"INFOPLIST_KEY_UIStatusBarStyle[sdk=iphoneos*]" = UIStatusBarStyleDefault;
				"INFOPLIST_KEY_UIStatusBarStyle[sdk=iphonesimulator*]" = UIStatusBarStyleDefault;
				INFOPLIST_KEY_UISupportedInterfaceOrientations_iPad = "UIInterfaceOrientationPortrait UIInterfaceOrientationPortraitUpsideDown UIInterfaceOrientationLandscapeLeft UIInterfaceOrientationLandscapeRight";
				INFOPLIST_KEY_UISupportedInterfaceOrientations_iPhone = "UIInterfaceOrientationPortrait UIInterfaceOrientationLandscapeLeft UIInterfaceOrientationLandscapeRight";
				IPHONEOS_DEPLOYMENT_TARGET = 17.0;
				LD_RUNPATH_SEARCH_PATHS = "@executable_path/Frameworks";
				"LD_RUNPATH_SEARCH_PATHS[sdk=macosx*]" = "@executable_path/../Frameworks";
				MACOSX_DEPLOYMENT_TARGET = 13.5;
				MARKETING_VERSION = 1.0;
				PRODUCT_BUNDLE_IDENTIFIER = ai.sciox.CoherencyMate;
				PRODUCT_NAME = "$(TARGET_NAME)";
				SDKROOT = auto;
				SUPPORTED_PLATFORMS = "iphoneos iphonesimulator macosx";
				SWIFT_EMIT_LOC_STRINGS = YES;
				SWIFT_VERSION = 5.0;
				TARGETED_DEVICE_FAMILY = "1,2";
			};
			name = Release;
		};
		93565EA22AF2C36500FBD53B /* Debug */ = {
			isa = XCBuildConfiguration;
			buildSettings = {
				ALWAYS_EMBED_SWIFT_STANDARD_LIBRARIES = YES;
				BUNDLE_LOADER = "$(TEST_HOST)";
				CODE_SIGN_STYLE = Automatic;
				CURRENT_PROJECT_VERSION = 1;
				DEVELOPMENT_TEAM = 45674AT2X8;
				GENERATE_INFOPLIST_FILE = YES;
				IPHONEOS_DEPLOYMENT_TARGET = 17.0;
				MACOSX_DEPLOYMENT_TARGET = 13.5;
				MARKETING_VERSION = 1.0;
				PRODUCT_BUNDLE_IDENTIFIER = ai.sciox.CoherencyMateTests;
				PRODUCT_NAME = "$(TARGET_NAME)";
				SDKROOT = auto;
				SUPPORTED_PLATFORMS = "iphoneos iphonesimulator macosx";
				SWIFT_EMIT_LOC_STRINGS = NO;
				SWIFT_VERSION = 5.0;
				TARGETED_DEVICE_FAMILY = "1,2";
				TEST_HOST = "$(BUILT_PRODUCTS_DIR)/CoherencyMate.app/$(BUNDLE_EXECUTABLE_FOLDER_PATH)/CoherencyMate";
			};
			name = Debug;
		};
		93565EA32AF2C36500FBD53B /* Release */ = {
			isa = XCBuildConfiguration;
			buildSettings = {
				ALWAYS_EMBED_SWIFT_STANDARD_LIBRARIES = YES;
				BUNDLE_LOADER = "$(TEST_HOST)";
				CODE_SIGN_STYLE = Automatic;
				CURRENT_PROJECT_VERSION = 1;
				DEVELOPMENT_TEAM = 45674AT2X8;
				GENERATE_INFOPLIST_FILE = YES;
				IPHONEOS_DEPLOYMENT_TARGET = 17.0;
				MACOSX_DEPLOYMENT_TARGET = 13.5;
				MARKETING_VERSION = 1.0;
				PRODUCT_BUNDLE_IDENTIFIER = ai.sciox.CoherencyMateTests;
				PRODUCT_NAME = "$(TARGET_NAME)";
				SDKROOT = auto;
				SUPPORTED_PLATFORMS = "iphoneos iphonesimulator macosx";
				SWIFT_EMIT_LOC_STRINGS = NO;
				SWIFT_VERSION = 5.0;
				TARGETED_DEVICE_FAMILY = "1,2";
				TEST_HOST = "$(BUILT_PRODUCTS_DIR)/CoherencyMate.app/$(BUNDLE_EXECUTABLE_FOLDER_PATH)/CoherencyMate";
			};
			name = Release;
		};
		93565EA52AF2C36500FBD53B /* Debug */ = {
			isa = XCBuildConfiguration;
			buildSettings = {
				ALWAYS_EMBED_SWIFT_STANDARD_LIBRARIES = YES;
				CODE_SIGN_STYLE = Automatic;
				CURRENT_PROJECT_VERSION = 1;
				DEVELOPMENT_TEAM = 45674AT2X8;
				GENERATE_INFOPLIST_FILE = YES;
				IPHONEOS_DEPLOYMENT_TARGET = 17.0;
				MACOSX_DEPLOYMENT_TARGET = 13.5;
				MARKETING_VERSION = 1.0;
				PRODUCT_BUNDLE_IDENTIFIER = ai.sciox.CoherencyMateUITests;
				PRODUCT_NAME = "$(TARGET_NAME)";
				SDKROOT = auto;
				SUPPORTED_PLATFORMS = "iphoneos iphonesimulator macosx";
				SWIFT_EMIT_LOC_STRINGS = NO;
				SWIFT_VERSION = 5.0;
				TARGETED_DEVICE_FAMILY = "1,2";
				TEST_TARGET_NAME = CoherencyMate;
			};
			name = Debug;
		};
		93565EA62AF2C36500FBD53B /* Release */ = {
			isa = XCBuildConfiguration;
			buildSettings = {
				ALWAYS_EMBED_SWIFT_STANDARD_LIBRARIES = YES;
				CODE_SIGN_STYLE = Automatic;
				CURRENT_PROJECT_VERSION = 1;
				DEVELOPMENT_TEAM = 45674AT2X8;
				GENERATE_INFOPLIST_FILE = YES;
				IPHONEOS_DEPLOYMENT_TARGET = 17.0;
				MACOSX_DEPLOYMENT_TARGET = 13.5;
				MARKETING_VERSION = 1.0;
				PRODUCT_BUNDLE_IDENTIFIER = ai.sciox.CoherencyMateUITests;
				PRODUCT_NAME = "$(TARGET_NAME)";
				SDKROOT = auto;
				SUPPORTED_PLATFORMS = "iphoneos iphonesimulator macosx";
				SWIFT_EMIT_LOC_STRINGS = NO;
				SWIFT_VERSION = 5.0;
				TARGETED_DEVICE_FAMILY = "1,2";
				TEST_TARGET_NAME = CoherencyMate;
			};
			name = Release;
		};
/* End XCBuildConfiguration section */

/* Begin XCConfigurationList section */
		93565E6E2AF2C35D00FBD53B /* Build configuration list for PBXProject "CoherencyMate" */ = {
			isa = XCConfigurationList;
			buildConfigurations = (
				93565E9C2AF2C36500FBD53B /* Debug */,
				93565E9D2AF2C36500FBD53B /* Release */,
			);
			defaultConfigurationIsVisible = 0;
			defaultConfigurationName = Release;
		};
		93565E9E2AF2C36500FBD53B /* Build configuration list for PBXNativeTarget "CoherencyMate" */ = {
			isa = XCConfigurationList;
			buildConfigurations = (
				93565E9F2AF2C36500FBD53B /* Debug */,
				93565EA02AF2C36500FBD53B /* Release */,
			);
			defaultConfigurationIsVisible = 0;
			defaultConfigurationName = Release;
		};
		93565EA12AF2C36500FBD53B /* Build configuration list for PBXNativeTarget "CoherencyMateTests" */ = {
			isa = XCConfigurationList;
			buildConfigurations = (
				93565EA22AF2C36500FBD53B /* Debug */,
				93565EA32AF2C36500FBD53B /* Release */,
			);
			defaultConfigurationIsVisible = 0;
			defaultConfigurationName = Release;
		};
		93565EA42AF2C36500FBD53B /* Build configuration list for PBXNativeTarget "CoherencyMateUITests" */ = {
			isa = XCConfigurationList;
			buildConfigurations = (
				93565EA52AF2C36500FBD53B /* Debug */,
				93565EA62AF2C36500FBD53B /* Release */,
			);
			defaultConfigurationIsVisible = 0;
			defaultConfigurationName = Release;
		};
/* End XCConfigurationList section */

/* Begin XCVersionGroup section */
		93565E7A2AF2C35E00FBD53B /* CoherencyMate.xcdatamodeld */ = {
			isa = XCVersionGroup;
			children = (
				93565E7B2AF2C35E00FBD53B /* CoherencyMate.xcdatamodel */,
			);
			currentVersion = 93565E7B2AF2C35E00FBD53B /* CoherencyMate.xcdatamodel */;
			path = CoherencyMate.xcdatamodeld;
			sourceTree = "<group>";
			versionGroupType = wrapper.xcdatamodel;
		};
/* End XCVersionGroup section */
	};
	rootObject = 93565E6B2AF2C35D00FBD53B /* Project object */;
}
